{
  "nodes": {
    "cmp-buffer": {
      "flake": false,
      "locked": {
        "lastModified": 1660101488,
        "narHash": "sha256-dG4U7MtnXThoa/PD+qFtCt76MQ14V1wX8GMYcvxEnbM=",
        "owner": "hrsh7th",
        "repo": "cmp-buffer",
        "rev": "3022dbc9166796b644a841a02de8dd1cc1d311fa",
        "type": "github"
      },
      "original": {
        "owner": "hrsh7th",
        "repo": "cmp-buffer",
        "type": "github"
      }
    },
    "cmp-luasnip": {
      "flake": false,
      "locked": {
        "lastModified": 1651433493,
        "narHash": "sha256-8ocJY5qeAJXFSuTnavXX6NvZyAB0EEn2Y+amrWp8B1Y=",
        "owner": "saadparwaiz1",
        "repo": "cmp_luasnip",
        "rev": "a9de941bcbda508d0a45d28ae366bb3f08db2e36",
        "type": "github"
      },
      "original": {
        "owner": "saadparwaiz1",
        "repo": "cmp_luasnip",
        "type": "github"
      }
    },
    "cmp-nvim-lsp": {
      "flake": false,
      "locked": {
        "lastModified": 1652705110,
        "narHash": "sha256-19Ka4EQhqo//IMjJ/DnXiHsevVWFy2M90oSjmBFfCO0=",
        "owner": "hrsh7th",
        "repo": "cmp-nvim-lsp",
        "rev": "affe808a5c56b71630f17aa7c38e15c59fd648a8",
        "type": "github"
      },
      "original": {
        "owner": "hrsh7th",
        "repo": "cmp-nvim-lsp",
        "type": "github"
      }
    },
    "cmp-path": {
      "flake": false,
      "locked": {
        "lastModified": 1658844613,
        "narHash": "sha256-G/I2SH4Uidr25/4fjrtcK3VfxWwD9MSN+ODcB6zjvVo=",
        "owner": "hrsh7th",
        "repo": "cmp-path",
        "rev": "447c87cdd6e6d6a1d2488b1d43108bfa217f56e1",
        "type": "github"
      },
      "original": {
        "owner": "hrsh7th",
        "repo": "cmp-path",
        "type": "github"
      }
    },
    "cmp-treesitter": {
      "flake": false,
      "locked": {
        "lastModified": 1654770534,
        "narHash": "sha256-k2/NCdyvMmeDFDnEmjTYywfvDqsowGU93sQuj69pJqs=",
        "owner": "ray-x",
        "repo": "cmp-treesitter",
        "rev": "c2886bbb09ef6daf996a258db29546cc1e7c12a7",
        "type": "github"
      },
      "original": {
        "owner": "ray-x",
        "repo": "cmp-treesitter",
        "type": "github"
      }
    },
    "flake-utils": {
      "locked": {
        "lastModified": 1644229661,
        "narHash": "sha256-1YdnJAsNy69bpcjuoKdOYQX0YxZBiCYZo4Twxerqv7k=",
        "owner": "numtide",
        "repo": "flake-utils",
        "rev": "3cecb5b042f7f209c56ffd8371b2711a290ec797",
        "type": "github"
      },
      "original": {
        "owner": "numtide",
        "repo": "flake-utils",
        "type": "github"
      }
    },
    "github-copilot": {
      "flake": false,
      "locked": {
        "lastModified": 1660574774,
        "narHash": "sha256-kkycy2AWyV8SaADBFAH4tXOu9GFdubRbMti1goCAkKU=",
        "owner": "github",
        "repo": "copilot.vim",
        "rev": "554460008f18cbffecb9f1e5de58fec8410dc16f",
        "type": "github"
      },
      "original": {
        "owner": "github",
        "repo": "copilot.vim",
        "type": "github"
      }
    },
    "lightspeed": {
      "flake": false,
      "locked": {
        "lastModified": 1660648006,
        "narHash": "sha256-IAVu6p5pV1tcAibI2DueHxnlXo6T9aYgkFoEIvc2jWQ=",
        "owner": "ggandor",
        "repo": "lightspeed.nvim",
        "rev": "a5b79ddbd755ac8d21a8704c370b5f643dda94aa",
        "type": "github"
      },
      "original": {
        "owner": "ggandor",
        "repo": "lightspeed.nvim",
        "type": "github"
      }
    },
    "lualine": {
      "flake": false,
      "locked": {
        "lastModified": 1660028903,
        "narHash": "sha256-/i4waAemZRTjahr8d9vBP9VCIv3TJBcCoMplD9nzV0w=",
        "owner": "nvim-lualine",
        "repo": "lualine.nvim",
        "rev": "c0510ddec86070dbcacbd291736de27aabbf3bfe",
        "type": "github"
      },
      "original": {
        "owner": "nvim-lualine",
        "repo": "lualine.nvim",
        "type": "github"
      }
    },
    "luasnip": {
      "flake": false,
      "locked": {
        "lastModified": 1660755897,
        "narHash": "sha256-doLXB87M5BbTzq1FIp7M13O5V64YEU7LidOHiBsH1EU=",
        "owner": "L3MON4D3",
        "repo": "LuaSnip",
        "rev": "7bd90385f59098cf6779c23eabe6b273b7f5c69f",
        "type": "github"
      },
      "original": {
        "owner": "L3MON4D3",
        "repo": "LuaSnip",
        "type": "github"
      }
    },
    "neovim": {
      "inputs": {
        "flake-utils": "flake-utils",
        "nixpkgs": [
          "nixpkgs"
        ]
      },
      "locked": {
        "dir": "contrib",
        "lastModified": 1660747535,
        "narHash": "sha256-zushkv5eDbnukAcZYsn4NA4xCXaYwkmambS3or1wT3w=",
        "owner": "neovim",
        "repo": "neovim",
        "rev": "35653e6bcda6923b5213fb9356c35067d6d0288f",
        "type": "github"
      },
      "original": {
        "dir": "contrib",
        "owner": "neovim",
        "repo": "neovim",
        "type": "github"
      }
    },
    "nixpkgs": {
      "locked": {
        "lastModified": 1660639432,
        "narHash": "sha256-2WDiboOCfB0LhvnDVMXOAr8ZLDfm3WdO54CkoDPwN1A=",
        "owner": "nixos",
        "repo": "nixpkgs",
        "rev": "6c6409e965a6c883677be7b9d87a95fab6c3472e",
        "type": "github"
      },
      "original": {
        "owner": "nixos",
        "ref": "nixpkgs-unstable",
        "repo": "nixpkgs",
        "type": "github"
      }
    },
    "nvim-autopairs": {
      "flake": false,
      "locked": {
        "lastModified": 1660612487,
        "narHash": "sha256-5BryYXlHevSmIZ6P1Hd8LybDildH22b5hX5ioShADeE=",
        "owner": "windwp",
        "repo": "nvim-autopairs",
        "rev": "a7a8be3d2f2473300d070293903ac8b95edeccc1",
        "type": "github"
      },
      "original": {
        "owner": "windwp",
        "repo": "nvim-autopairs",
        "type": "github"
      }
    },
    "nvim-bufferline": {
      "flake": false,
      "locked": {
        "lastModified": 1660758110,
        "narHash": "sha256-d0c9t/8Ux8f35jD13HcVsKyuo9+CljdXW/IUs8nAGbI=",
        "owner": "akinsho",
        "repo": "bufferline.nvim",
        "rev": "06eb4ad9486bd13440ffea243ea83d314f4a8e7e",
        "type": "github"
      },
      "original": {
        "owner": "akinsho",
        "repo": "bufferline.nvim",
        "type": "github"
      }
    },
    "nvim-cmp": {
      "flake": false,
      "locked": {
        "lastModified": 1660495124,
        "narHash": "sha256-dCDwFAE4HQ3TgI+LHugE5RG+qBHHwPJnx+5ftEJ5j4o=",
        "owner": "hrsh7th",
        "repo": "nvim-cmp",
        "rev": "b1ebdb0a17daaad13606b802780313a32e59781b",
        "type": "github"
      },
      "original": {
        "owner": "hrsh7th",
        "repo": "nvim-cmp",
        "type": "github"
      }
    },
    "nvim-comment": {
      "flake": false,
      "locked": {
        "lastModified": 1660082200,
        "narHash": "sha256-O2jhrjXxKaWHMfm3YJ9+92Onm0niEHfUp5kOh2gETuc=",
        "owner": "terrortylor",
        "repo": "nvim-comment",
        "rev": "e9ac16ab056695cad6461173693069ec070d2b23",
        "type": "github"
      },
      "original": {
        "owner": "terrortylor",
        "repo": "nvim-comment",
        "type": "github"
      }
    },
    "nvim-filetree": {
      "flake": false,
      "locked": {
        "lastModified": 1660537822,
        "narHash": "sha256-vrU2ZjTfXHV0lgDhLhRJAEjBwzDu/VsYjdyAGx2hjOc=",
        "owner": "kyazdani42",
        "repo": "nvim-tree.lua",
        "rev": "09a51266bca28dd87febd63c66bdbd74f7764a63",
        "type": "github"
      },
      "original": {
        "owner": "kyazdani42",
        "repo": "nvim-tree.lua",
        "type": "github"
      }
    },
    "nvim-gitsigns": {
      "flake": false,
      "locked": {
        "lastModified": 1660751884,
        "narHash": "sha256-nFSKo1fO4QnxKwa153XxZAjKJZodTILfCYObf9wiT+M=",
        "owner": "lewis6991",
        "repo": "gitsigns.nvim",
        "rev": "f6d93f90bed4f86ef204bb023b3bdea9fd27d7f6",
        "type": "github"
      },
      "original": {
        "owner": "lewis6991",
        "repo": "gitsigns.nvim",
        "type": "github"
      }
    },
    "nvim-lspconfig": {
      "flake": false,
      "locked": {
        "lastModified": 1660060564,
        "narHash": "sha256-BRj6fi9EKKZFcQ2oPCfJFzgshObMLtfm36RjJBRdUK0=",
        "owner": "neovim",
        "repo": "nvim-lspconfig",
        "rev": "da7461b596d70fa47b50bf3a7acfaef94c47727d",
        "type": "github"
      },
      "original": {
        "owner": "neovim",
        "repo": "nvim-lspconfig",
        "type": "github"
      }
    },
    "nvim-treesitter": {
      "flake": false,
      "locked": {
        "lastModified": 1660727875,
        "narHash": "sha256-ZHvaUTB1mkLcW6+XkTHHI2sQcQfYQYR+jt0uqDFpig8=",
        "owner": "nvim-treesitter",
        "repo": "nvim-treesitter",
        "rev": "11e88f698ac27081e2d238289474c4b8780007d3",
        "type": "github"
      },
      "original": {
        "owner": "nvim-treesitter",
        "repo": "nvim-treesitter",
        "type": "github"
      }
    },
    "onedark": {
      "flake": false,
      "locked": {
        "lastModified": 1660105385,
        "narHash": "sha256-TYOUME8GaLOrmHTlqz7ETVWHmZs54UVzexFW+qYnaOc=",
        "owner": "navarasu",
        "repo": "onedark.nvim",
        "rev": "af81d498988c8f67077bf08020f3ce759a4bb59c",
        "type": "github"
      },
      "original": {
        "owner": "navarasu",
        "repo": "onedark.nvim",
        "type": "github"
      }
    },
    "plenary-nvim": {
      "flake": false,
      "locked": {
        "lastModified": 1659369288,
        "narHash": "sha256-G84JTsj06vwidfEyaNIUvLLaKM9HB5zNAexCDWbGfu4=",
        "owner": "nvim-lua",
        "repo": "plenary.nvim",
        "rev": "31807eef4ed574854b8a53ae40ea3292033a78ea",
        "type": "github"
      },
      "original": {
        "owner": "nvim-lua",
        "repo": "plenary.nvim",
        "type": "github"
      }
    },
    "root": {
      "inputs": {
        "cmp-buffer": "cmp-buffer",
        "cmp-luasnip": "cmp-luasnip",
        "cmp-nvim-lsp": "cmp-nvim-lsp",
        "cmp-path": "cmp-path",
        "cmp-treesitter": "cmp-treesitter",
        "github-copilot": "github-copilot",
        "lightspeed": "lightspeed",
        "lualine": "lualine",
        "luasnip": "luasnip",
        "neovim": "neovim",
        "nixpkgs": "nixpkgs",
        "nvim-autopairs": "nvim-autopairs",
        "nvim-bufferline": "nvim-bufferline",
        "nvim-cmp": "nvim-cmp",
        "nvim-comment": "nvim-comment",
        "nvim-filetree": "nvim-filetree",
        "nvim-gitsigns": "nvim-gitsigns",
        "nvim-lspconfig": "nvim-lspconfig",
        "nvim-treesitter": "nvim-treesitter",
        "onedark": "onedark",
        "plenary-nvim": "plenary-nvim",
        "telescope": "telescope",
        "web-devicons": "web-devicons"
      }
    },
    "telescope": {
      "flake": false,
      "locked": {
        "lastModified": 1660382297,
        "narHash": "sha256-psBKC/9vviQvdk2VMLvJzjuHeC5yxF3lUG3/qIS5vO4=",
        "owner": "nvim-telescope",
        "repo": "telescope.nvim",
        "rev": "d793de0f12d874c463e81edabee741b802c1a37a",
        "type": "github"
      },
      "original": {
        "owner": "nvim-telescope",
        "repo": "telescope.nvim",
        "type": "github"
      }
    },
    "web-devicons": {
      "flake": false,
      "locked": {
        "lastModified": 1657021684,
        "narHash": "sha256-+t6EVhQ7iC9BZOtVeQwrzkmpmUtc/WWBcUohoX4/+Tg=",
        "owner": "kyazdani42",
        "repo": "nvim-web-devicons",
        "rev": "2d02a56189e2bde11edd4712fea16f08a6656944",
        "type": "github"
      },
      "original": {
        "owner": "kyazdani42",
        "repo": "nvim-web-devicons",
        "type": "github"
      }
    }
  },
  "root": "root",
  "version": 7
}
