{
  "nodes": {
    "flake-utils": {
      "inputs": {
        "systems": "systems"
      },
      "locked": {
        "lastModified": 1705309234,
        "narHash": "sha256-uNRRNRKmJyCRC/8y1RqBkqWBLM034y4qN7EprSdmgyA=",
        "owner": "numtide",
        "repo": "flake-utils",
        "rev": "1ef2e671c3b0c19053962c07dbda38332dcebf26",
        "type": "github"
      },
      "original": {
        "owner": "numtide",
        "repo": "flake-utils",
        "type": "github"
      }
    },
    "naersk": {
      "inputs": {
        "nixpkgs": [
          "rnix-lsp",
          "nixpkgs"
        ]
      },
      "locked": {
        "lastModified": 1655042882,
        "narHash": "sha256-9BX8Fuez5YJlN7cdPO63InoyBy7dm3VlJkkmTt6fS1A=",
        "owner": "nix-community",
        "repo": "naersk",
        "rev": "cddffb5aa211f50c4b8750adbec0bbbdfb26bb9f",
        "type": "github"
      },
      "original": {
        "owner": "nix-community",
        "repo": "naersk",
        "type": "github"
      }
    },
    "nil": {
      "inputs": {
        "flake-utils": [
          "flake-utils"
        ],
        "nixpkgs": [
          "nixpkgs"
        ],
        "rust-overlay": "rust-overlay"
      },
      "locked": {
        "lastModified": 1704611696,
        "narHash": "sha256-4ZCgV5oHdEc3q+XaIzy//gh20uC/aSuAtMU9bsfgLZk=",
        "owner": "oxalica",
        "repo": "nil",
        "rev": "059d33a24bb76d2048740bcce936362bf54b5bc9",
        "type": "github"
      },
      "original": {
        "owner": "oxalica",
        "repo": "nil",
        "type": "github"
      }
    },
    "nixpkgs": {
      "locked": {
        "lastModified": 1705666311,
        "narHash": "sha256-VYdSQm7zq3AStyHhRr3SBCTA8fVzrl6WtIlXTs2Wlts=",
        "owner": "nixos",
        "repo": "nixpkgs",
        "rev": "a455c5fb3ee513e2f443838a0e84d52b035adb67",
        "type": "github"
      },
      "original": {
        "owner": "nixos",
        "ref": "nixpkgs-unstable",
        "repo": "nixpkgs",
        "type": "github"
      }
    },
    "nixpkgs_2": {
      "locked": {
        "lastModified": 1656753965,
        "narHash": "sha256-BCrB3l0qpJokOnIVc3g2lHiGhnjUi0MoXiw6t1o8H1E=",
        "owner": "nixos",
        "repo": "nixpkgs",
        "rev": "0ea7a8f1b939d74e5df8af9a8f7342097cdf69eb",
        "type": "github"
      },
      "original": {
        "owner": "nixos",
        "ref": "nixos-unstable",
        "repo": "nixpkgs",
        "type": "github"
      }
    },
    "plugins-borealis": {
      "flake": false,
      "locked": {
        "lastModified": 1693501569,
        "narHash": "sha256-sQ+BkdON6AhU1VzGbc7bPvnM4rADcORXIoCDB5g0K20=",
        "owner": "Gako358",
        "repo": "borealis.nvim",
        "rev": "b1983094db715000959f41887beece71e48ce04a",
        "type": "github"
      },
      "original": {
        "owner": "Gako358",
        "repo": "borealis.nvim",
        "type": "github"
      }
    },
    "plugins-cmp-buffer": {
      "flake": false,
      "locked": {
        "lastModified": 1660101488,
        "narHash": "sha256-dG4U7MtnXThoa/PD+qFtCt76MQ14V1wX8GMYcvxEnbM=",
        "owner": "hrsh7th",
        "repo": "cmp-buffer",
        "rev": "3022dbc9166796b644a841a02de8dd1cc1d311fa",
        "type": "github"
      },
      "original": {
        "owner": "hrsh7th",
        "repo": "cmp-buffer",
        "type": "github"
      }
    },
    "plugins-cmp-dap": {
      "flake": false,
      "locked": {
        "lastModified": 1702237116,
        "narHash": "sha256-wi9L4RcnJWUzTkC4u8vSTacrMxg4ftm/K7pkuwLEQ3U=",
        "owner": "rcarriga",
        "repo": "cmp-dap",
        "rev": "ea92773e84c0ad3288c3bc5e452ac91559669087",
        "type": "github"
      },
      "original": {
        "owner": "rcarriga",
        "repo": "cmp-dap",
        "type": "github"
      }
    },
    "plugins-cmp-nvim-lsp": {
      "flake": false,
      "locked": {
        "lastModified": 1702205473,
        "narHash": "sha256-/0sh9vJBD9pUuD7q3tNSQ1YLvxFMNykdg5eG+LjZAA8=",
        "owner": "hrsh7th",
        "repo": "cmp-nvim-lsp",
        "rev": "5af77f54de1b16c34b23cba810150689a3a90312",
        "type": "github"
      },
      "original": {
        "owner": "hrsh7th",
        "repo": "cmp-nvim-lsp",
        "type": "github"
      }
    },
    "plugins-cmp-path": {
      "flake": false,
      "locked": {
        "lastModified": 1664784283,
        "narHash": "sha256-thppiiV3wjIaZnAXmsh7j3DUc6ceSCvGzviwFUnoPaI=",
        "owner": "hrsh7th",
        "repo": "cmp-path",
        "rev": "91ff86cd9c29299a64f968ebb45846c485725f23",
        "type": "github"
      },
      "original": {
        "owner": "hrsh7th",
        "repo": "cmp-path",
        "type": "github"
      }
    },
    "plugins-cmp-treesitter": {
      "flake": false,
      "locked": {
        "lastModified": 1702163214,
        "narHash": "sha256-K7F9iqmB13ONenwsbaND8F4010MvHQXp7DxMFfcsZ4A=",
        "owner": "ray-x",
        "repo": "cmp-treesitter",
        "rev": "13e4ef8f4dd5639fca2eb9150e68f47639a9b37d",
        "type": "github"
      },
      "original": {
        "owner": "ray-x",
        "repo": "cmp-treesitter",
        "type": "github"
      }
    },
    "plugins-cmp-vsnip": {
      "flake": false,
      "locked": {
        "lastModified": 1669100283,
        "narHash": "sha256-2mkN03noOr5vBvRbSb35xZKorSH+8savQNZtgM9+QcM=",
        "owner": "hrsh7th",
        "repo": "cmp-vsnip",
        "rev": "989a8a73c44e926199bfd05fa7a516d51f2d2752",
        "type": "github"
      },
      "original": {
        "owner": "hrsh7th",
        "repo": "cmp-vsnip",
        "type": "github"
      }
    },
    "plugins-crates-nvim": {
      "flake": false,
      "locked": {
        "lastModified": 1705684474,
        "narHash": "sha256-RAy7afxnWZxToYyan4+7D3CmJOfgmyNWZ/Nln00ssYw=",
        "owner": "Saecki",
        "repo": "crates.nvim",
        "rev": "9bad17fd404d318e222b6cc057cc0a929be2d8e9",
        "type": "github"
      },
      "original": {
        "owner": "Saecki",
        "repo": "crates.nvim",
        "type": "github"
      }
    },
    "plugins-fidget": {
      "flake": false,
      "locked": {
        "lastModified": 1704696337,
        "narHash": "sha256-uAX/RGfOmsUIUaDepNwUpK8MBaTMBJ4rLZ69y0MwpNE=",
        "owner": "j-hui",
        "repo": "fidget.nvim",
        "rev": "3a93300c076109d86c7ce35ec67a8034ae6ba9db",
        "type": "github"
      },
      "original": {
        "owner": "j-hui",
        "repo": "fidget.nvim",
        "type": "github"
      }
    },
    "plugins-github-copilot": {
      "flake": false,
      "locked": {
        "lastModified": 1705549397,
        "narHash": "sha256-t4FllnwhkrssuUS8yG8b68v/CM5J5W11+V85dRsKrP8=",
        "owner": "github",
        "repo": "copilot.vim",
        "rev": "49e0348bfb913fae63ca5ddb987a8bccd193da86",
        "type": "github"
      },
      "original": {
        "owner": "github",
        "repo": "copilot.vim",
        "type": "github"
      }
    },
    "plugins-gitsigns-nvim": {
      "flake": false,
      "locked": {
        "lastModified": 1705063762,
        "narHash": "sha256-y8aoZa5UJGP0rgvYPL6NMD3IjbZnnGweZcTBIR5bAxU=",
        "owner": "lewis6991",
        "repo": "gitsigns.nvim",
        "rev": "4aaacbf5e5e2218fd05eb75703fe9e0f85335803",
        "type": "github"
      },
      "original": {
        "owner": "lewis6991",
        "repo": "gitsigns.nvim",
        "type": "github"
      }
    },
    "plugins-indent-blankline": {
      "flake": false,
      "locked": {
        "lastModified": 1705027513,
        "narHash": "sha256-T0tbTyD9+J7OWcvfrPolrXbjGiXzEXhTtgC9Xj3ANFc=",
        "owner": "lukas-reineke",
        "repo": "indent-blankline.nvim",
        "rev": "12e92044d313c54c438bd786d11684c88f6f78cd",
        "type": "github"
      },
      "original": {
        "owner": "lukas-reineke",
        "repo": "indent-blankline.nvim",
        "type": "github"
      }
    },
    "plugins-kommentary": {
      "flake": false,
      "locked": {
        "lastModified": 1701264889,
        "narHash": "sha256-lpa3o42jieVKqs+ZCU8HBqWsoqoc53JKMmCNmIJ0rH0=",
        "owner": "b3nj5m1n",
        "repo": "kommentary",
        "rev": "d5a111a3bc4109a8f913a5863c9092b3b3801482",
        "type": "github"
      },
      "original": {
        "owner": "b3nj5m1n",
        "repo": "kommentary",
        "type": "github"
      }
    },
    "plugins-lazygit": {
      "flake": false,
      "locked": {
        "lastModified": 1702617497,
        "narHash": "sha256-fYNsHQeG/C6pAy2rHPN5h/bYJRc8IGQ8REKiU9TWQ+c=",
        "owner": "kdheepak",
        "repo": "lazygit.nvim",
        "rev": "1e08e3f5ac1152339690140e61a4a32b3bdc7de5",
        "type": "github"
      },
      "original": {
        "owner": "kdheepak",
        "repo": "lazygit.nvim",
        "type": "github"
      }
    },
    "plugins-lualine": {
      "flake": false,
      "locked": {
        "lastModified": 1703568994,
        "narHash": "sha256-do28EEtiu14NAroVblx8FJLCk8CVNmpm8RaTbcDHtvk=",
        "owner": "hoob3rt",
        "repo": "lualine.nvim",
        "rev": "566b7036f717f3d676362742630518a47f132fff",
        "type": "github"
      },
      "original": {
        "owner": "hoob3rt",
        "repo": "lualine.nvim",
        "type": "github"
      }
    },
    "plugins-noice": {
      "flake": false,
      "locked": {
        "lastModified": 1698229631,
        "narHash": "sha256-7lgJK5pkMqwIXNeBDsz4B8UAKnkpUvDrHdeG/aSFRzM=",
        "owner": "folke",
        "repo": "noice.nvim",
        "rev": "92433164e2f7118d4122c7674c3834d9511722ba",
        "type": "github"
      },
      "original": {
        "owner": "folke",
        "repo": "noice.nvim",
        "type": "github"
      }
    },
    "plugins-notify": {
      "flake": false,
      "locked": {
        "lastModified": 1705342184,
        "narHash": "sha256-WhC80NnWXEAYHLORpUPIXb2s1ERJxyK3l2L9oke68mo=",
        "owner": "rcarriga",
        "repo": "nvim-notify",
        "rev": "80b67b265530632505193553d05127ae7fe09ddd",
        "type": "github"
      },
      "original": {
        "owner": "rcarriga",
        "repo": "nvim-notify",
        "type": "github"
      }
    },
    "plugins-nui": {
      "flake": false,
      "locked": {
        "lastModified": 1704411133,
        "narHash": "sha256-SWG0IQDNXrgWK1ApQSpc2oPKNYgTPend877DQ6FuqUc=",
        "owner": "MunifTanjim",
        "repo": "nui.nvim",
        "rev": "35da9ca1de0fc4dda96c2e214d93d363c145f418",
        "type": "github"
      },
      "original": {
        "owner": "MunifTanjim",
        "repo": "nui.nvim",
        "type": "github"
      }
    },
    "plugins-null-ls": {
      "flake": false,
      "locked": {
        "lastModified": 1691810493,
        "narHash": "sha256-cWA0rzkOp/ekVKaFee7iea1lhnqKtWUIU+fW5M950wI=",
        "owner": "jose-elias-alvarez",
        "repo": "null-ls.nvim",
        "rev": "0010ea927ab7c09ef0ce9bf28c2b573fc302f5a7",
        "type": "github"
      },
      "original": {
        "owner": "jose-elias-alvarez",
        "repo": "null-ls.nvim",
        "type": "github"
      }
    },
    "plugins-nvim-autopairs": {
      "flake": false,
      "locked": {
        "lastModified": 1703044435,
        "narHash": "sha256-H4wCE3snCBQVkiA4+r5VaUrd4bWOhF1lwafngGThm/c=",
        "owner": "windwp",
        "repo": "nvim-autopairs",
        "rev": "9fd41181693dd4106b3e414a822bb6569924de81",
        "type": "github"
      },
      "original": {
        "owner": "windwp",
        "repo": "nvim-autopairs",
        "type": "github"
      }
    },
    "plugins-nvim-cmp": {
      "flake": false,
      "locked": {
        "lastModified": 1702541213,
        "narHash": "sha256-BtAYRYn6m788zAq/mNnbAzAxp1TGf9QkRE0hSOp9sdc=",
        "owner": "hrsh7th",
        "repo": "nvim-cmp",
        "rev": "538e37ba87284942c1d76ed38dd497e54e65b891",
        "type": "github"
      },
      "original": {
        "owner": "hrsh7th",
        "repo": "nvim-cmp",
        "type": "github"
      }
    },
    "plugins-nvim-cursorline": {
      "flake": false,
      "locked": {
        "lastModified": 1650034925,
        "narHash": "sha256-Uhw65p1KBjs8KsVOmTzuiu3XKclxBob8AVdWEt30C/8=",
        "owner": "yamatsum",
        "repo": "nvim-cursorline",
        "rev": "804f0023692653b2b2368462d67d2a87056947f9",
        "type": "github"
      },
      "original": {
        "owner": "yamatsum",
        "repo": "nvim-cursorline",
        "type": "github"
      }
    },
    "plugins-nvim-dap": {
      "flake": false,
      "locked": {
        "lastModified": 1705151920,
        "narHash": "sha256-9Rc4dxbgN1LxoXPXHTi+V92MA0fEn5PveqCSMHbgn98=",
        "owner": "mfussenegger",
        "repo": "nvim-dap",
        "rev": "9adbfdca13afbe646d09a8d7a86d5d031fb9c5a5",
        "type": "github"
      },
      "original": {
        "owner": "mfussenegger",
        "repo": "nvim-dap",
        "type": "github"
      }
    },
    "plugins-nvim-dap-ui": {
      "flake": false,
      "locked": {
        "lastModified": 1705942789,
        "narHash": "sha256-4tYSdxPj+/hxd8KNzCU6Lvf+ACxpKgYyGOlF+Jwzxa8=",
        "owner": "rcarriga",
        "repo": "nvim-dap-ui",
        "rev": "d845ebd798ad1cf30aa4abd4c4eff795cdcfdd4f",
        "type": "github"
      },
      "original": {
        "owner": "rcarriga",
        "repo": "nvim-dap-ui",
        "type": "github"
      }
    },
    "plugins-nvim-dap-virtual-text": {
      "flake": false,
      "locked": {
        "lastModified": 1703770915,
        "narHash": "sha256-IJMdDcrfsNfxd4rvLVCD1L2FL7Tzm6dV8c0mtEo98vU=",
        "owner": "theHamsta",
        "repo": "nvim-dap-virtual-text",
        "rev": "d4542ac257d3c7ee4131350db6179ae6340ce40b",
        "type": "github"
      },
      "original": {
        "owner": "theHamsta",
        "repo": "nvim-dap-virtual-text",
        "type": "github"
      }
    },
    "plugins-nvim-jdtls": {
      "flake": false,
      "locked": {
        "lastModified": 1701200682,
        "narHash": "sha256-xoMcOUo64G0YwB4I3SCT8jdyWwBTj8U2KjXouqVWzLM=",
        "owner": "mfussenegger",
        "repo": "nvim-jdtls",
        "rev": "66b5ace68a5d1c45fdfb1afa8d847e87af2aa1f8",
        "type": "github"
      },
      "original": {
        "owner": "mfussenegger",
        "repo": "nvim-jdtls",
        "type": "github"
      }
    },
    "plugins-nvim-lspconfig": {
      "flake": false,
      "locked": {
        "lastModified": 1705645524,
        "narHash": "sha256-tPmMVp10f21oRfi9k7VN1OfqfSm3sfndnimPgjhN4z0=",
        "owner": "neovim",
        "repo": "nvim-lspconfig",
        "rev": "042aa6b27b8b8d4f4e1bd42de2037c83d676a8a0",
        "type": "github"
      },
      "original": {
        "owner": "neovim",
        "repo": "nvim-lspconfig",
        "type": "github"
      }
    },
    "plugins-nvim-metals": {
      "flake": false,
      "locked": {
        "lastModified": 1705328402,
        "narHash": "sha256-lmM6sZwY3YwjoWw0ezAm9LCb6/L65v+Yj6T3lSQdJuE=",
        "owner": "scalameta",
        "repo": "nvim-metals",
        "rev": "d47287324d1e2efdb7aabde73fad5fd5b2b438bf",
        "type": "github"
      },
      "original": {
        "owner": "scalameta",
        "repo": "nvim-metals",
        "type": "github"
      }
    },
    "plugins-nvim-tree-lua": {
      "flake": false,
      "locked": {
        "lastModified": 1705727533,
        "narHash": "sha256-2MkdSd3112nLPrZuxueG6XVZb6+N81EawvZOJc1d5wM=",
        "owner": "kyazdani42",
        "repo": "nvim-tree.lua",
        "rev": "e9c5abe073a973f54d3ca10bfe30f253569f4405",
        "type": "github"
      },
      "original": {
        "owner": "kyazdani42",
        "repo": "nvim-tree.lua",
        "type": "github"
      }
    },
    "plugins-nvim-web-devicons": {
      "flake": false,
      "locked": {
        "lastModified": 1705292513,
        "narHash": "sha256-xuHIdvezGH04X+B+x4MjaUFOAZkR2Qc19ErZaeUJ7W0=",
        "owner": "kyazdani42",
        "repo": "nvim-web-devicons",
        "rev": "140edfcf25093e8b321d13e154cbce89ee868ca0",
        "type": "github"
      },
      "original": {
        "owner": "kyazdani42",
        "repo": "nvim-web-devicons",
        "type": "github"
      }
    },
    "plugins-octo-nvim": {
      "flake": false,
      "locked": {
        "lastModified": 1705610813,
        "narHash": "sha256-r1G72g3LJlzX6b8xjgCZivLpr1ZsqvTrjSDsjIbqbu4=",
        "owner": "pwntester",
        "repo": "octo.nvim",
        "rev": "2ab86dc1e882c5e05679faaa2827010494597b8b",
        "type": "github"
      },
      "original": {
        "owner": "pwntester",
        "repo": "octo.nvim",
        "type": "github"
      }
    },
    "plugins-plenary-nvim": {
      "flake": false,
      "locked": {
        "lastModified": 1701343040,
        "narHash": "sha256-f8YVaXMG0ZyW6iotAgnftaYULnL69UPolRad6RTG27g=",
        "owner": "nvim-lua",
        "repo": "plenary.nvim",
        "rev": "55d9fe89e33efd26f532ef20223e5f9430c8b0c0",
        "type": "github"
      },
      "original": {
        "owner": "nvim-lua",
        "repo": "plenary.nvim",
        "type": "github"
      }
    },
    "plugins-rust-tools": {
      "flake": false,
      "locked": {
        "lastModified": 1704259376,
        "narHash": "sha256-kFane5ze7VDiOzF7jdmXkr50XQsNvdb+a9HQtybEVE0=",
        "owner": "simrat39",
        "repo": "rust-tools.nvim",
        "rev": "676187908a1ce35ffcd727c654ed68d851299d3e",
        "type": "github"
      },
      "original": {
        "owner": "simrat39",
        "repo": "rust-tools.nvim",
        "type": "github"
      }
    },
    "plugins-sqls-nvim": {
      "flake": false,
      "locked": {
        "lastModified": 1684697500,
        "narHash": "sha256-jKFut6NZAf/eIeIkY7/2EsjsIhvZQKCKAJzeQ6XSr0s=",
        "owner": "nanotee",
        "repo": "sqls.nvim",
        "rev": "4b1274b5b44c48ce784aac23747192f5d9d26207",
        "type": "github"
      },
      "original": {
        "owner": "nanotee",
        "repo": "sqls.nvim",
        "type": "github"
      }
    },
    "plugins-telescope": {
      "flake": false,
      "locked": {
        "lastModified": 1705718307,
        "narHash": "sha256-KlEOW20LwTKlf/rhRSKZQbJSEkJ73+0rPu8f7vUJnlg=",
        "owner": "nvim-telescope",
        "repo": "telescope.nvim",
        "rev": "24778fd72fcf39a0b1a6f7c6f4c4e01fef6359a2",
        "type": "github"
      },
      "original": {
        "owner": "nvim-telescope",
        "repo": "telescope.nvim",
        "type": "github"
      }
    },
    "plugins-todo-comments": {
      "flake": false,
      "locked": {
        "lastModified": 1698270703,
        "narHash": "sha256-Z041A05I2zESNV+aSghtnijEUeDqPjLQxiOcCVVOwfE=",
        "owner": "folke",
        "repo": "todo-comments.nvim",
        "rev": "4a6737a8d70fe1ac55c64dfa47fcb189ca431872",
        "type": "github"
      },
      "original": {
        "owner": "folke",
        "repo": "todo-comments.nvim",
        "type": "github"
      }
    },
    "plugins-trouble": {
      "flake": false,
      "locked": {
        "lastModified": 1697626811,
        "narHash": "sha256-8nLghiueYOtWY7OGVxow9A2G/5lgt+Kt5D8q1xeJvVg=",
        "owner": "folke",
        "repo": "trouble.nvim",
        "rev": "f1168feada93c0154ede4d1fe9183bf69bac54ea",
        "type": "github"
      },
      "original": {
        "owner": "folke",
        "repo": "trouble.nvim",
        "type": "github"
      }
    },
    "plugins-vim-vsnip": {
      "flake": false,
      "locked": {
        "lastModified": 1704937299,
        "narHash": "sha256-gvm6z4pgSULBVPukewRyjwxZ0vZgreQWbG/0kOB1QBo=",
        "owner": "hrsh7th",
        "repo": "vim-vsnip",
        "rev": "02a8e79295c9733434aab4e0e2b8c4b7cea9f3a9",
        "type": "github"
      },
      "original": {
        "owner": "hrsh7th",
        "repo": "vim-vsnip",
        "type": "github"
      }
    },
    "plugins-which-key": {
      "flake": false,
      "locked": {
        "lastModified": 1697801635,
        "narHash": "sha256-uvghPj/teWrRMm09Gh8iQ/LV2nYJw0lmoiZK6L4+1cY=",
        "owner": "folke",
        "repo": "which-key.nvim",
        "rev": "4433e5ec9a507e5097571ed55c02ea9658fb268a",
        "type": "github"
      },
      "original": {
        "owner": "folke",
        "repo": "which-key.nvim",
        "type": "github"
      }
    },
    "rnix-lsp": {
      "inputs": {
        "naersk": "naersk",
        "nixpkgs": "nixpkgs_2",
        "utils": "utils"
      },
      "locked": {
        "lastModified": 1669555118,
        "narHash": "sha256-F0s0m62S5bHNVWNHLZD6SeHiLrsDx98VQbRjDyIu+qQ=",
        "owner": "nix-community",
        "repo": "rnix-lsp",
        "rev": "95d40673fe43642e2e1144341e86d0036abd95d9",
        "type": "github"
      },
      "original": {
        "owner": "nix-community",
        "repo": "rnix-lsp",
        "type": "github"
      }
    },
    "root": {
      "inputs": {
        "flake-utils": "flake-utils",
        "nil": "nil",
        "nixpkgs": "nixpkgs",
        "plugins-borealis": "plugins-borealis",
        "plugins-cmp-buffer": "plugins-cmp-buffer",
        "plugins-cmp-dap": "plugins-cmp-dap",
        "plugins-cmp-nvim-lsp": "plugins-cmp-nvim-lsp",
        "plugins-cmp-path": "plugins-cmp-path",
        "plugins-cmp-treesitter": "plugins-cmp-treesitter",
        "plugins-cmp-vsnip": "plugins-cmp-vsnip",
        "plugins-crates-nvim": "plugins-crates-nvim",
        "plugins-fidget": "plugins-fidget",
        "plugins-github-copilot": "plugins-github-copilot",
        "plugins-gitsigns-nvim": "plugins-gitsigns-nvim",
        "plugins-indent-blankline": "plugins-indent-blankline",
        "plugins-kommentary": "plugins-kommentary",
        "plugins-lazygit": "plugins-lazygit",
        "plugins-lualine": "plugins-lualine",
        "plugins-noice": "plugins-noice",
        "plugins-notify": "plugins-notify",
        "plugins-nui": "plugins-nui",
        "plugins-null-ls": "plugins-null-ls",
        "plugins-nvim-autopairs": "plugins-nvim-autopairs",
        "plugins-nvim-cmp": "plugins-nvim-cmp",
        "plugins-nvim-cursorline": "plugins-nvim-cursorline",
        "plugins-nvim-dap": "plugins-nvim-dap",
        "plugins-nvim-dap-ui": "plugins-nvim-dap-ui",
        "plugins-nvim-dap-virtual-text": "plugins-nvim-dap-virtual-text",
        "plugins-nvim-jdtls": "plugins-nvim-jdtls",
        "plugins-nvim-lspconfig": "plugins-nvim-lspconfig",
        "plugins-nvim-metals": "plugins-nvim-metals",
        "plugins-nvim-tree-lua": "plugins-nvim-tree-lua",
        "plugins-nvim-web-devicons": "plugins-nvim-web-devicons",
        "plugins-octo-nvim": "plugins-octo-nvim",
        "plugins-plenary-nvim": "plugins-plenary-nvim",
        "plugins-rust-tools": "plugins-rust-tools",
        "plugins-sqls-nvim": "plugins-sqls-nvim",
        "plugins-telescope": "plugins-telescope",
        "plugins-todo-comments": "plugins-todo-comments",
        "plugins-trouble": "plugins-trouble",
        "plugins-vim-vsnip": "plugins-vim-vsnip",
        "plugins-which-key": "plugins-which-key",
        "rnix-lsp": "rnix-lsp"
      }
    },
    "rust-overlay": {
      "inputs": {
        "flake-utils": [
          "nil",
          "flake-utils"
        ],
        "nixpkgs": [
          "nil",
          "nixpkgs"
        ]
      },
      "locked": {
        "lastModified": 1704593904,
        "narHash": "sha256-nDoXZDTRdgF3b4n3m011y99nYFewvOl9UpzFvP8Rb3c=",
        "owner": "oxalica",
        "repo": "rust-overlay",
        "rev": "c36fd70a99decfa6e110c86f296a97613034a680",
        "type": "github"
      },
      "original": {
        "owner": "oxalica",
        "repo": "rust-overlay",
        "type": "github"
      }
    },
    "systems": {
      "locked": {
        "lastModified": 1681028828,
        "narHash": "sha256-Vy1rq5AaRuLzOxct8nz4T6wlgyUR7zLU309k9mBC768=",
        "owner": "nix-systems",
        "repo": "default",
        "rev": "da67096a3b9bf56a91d16901293e51ba5b49a27e",
        "type": "github"
      },
      "original": {
        "owner": "nix-systems",
        "repo": "default",
        "type": "github"
      }
    },
    "utils": {
      "locked": {
        "lastModified": 1656928814,
        "narHash": "sha256-RIFfgBuKz6Hp89yRr7+NR5tzIAbn52h8vT6vXkYjZoM=",
        "owner": "numtide",
        "repo": "flake-utils",
        "rev": "7e2a3b3dfd9af950a856d66b0a7d01e3c18aa249",
        "type": "github"
      },
      "original": {
        "owner": "numtide",
        "repo": "flake-utils",
        "type": "github"
      }
    }
  },
  "root": "root",
  "version": 7
}
