{
  "nodes": {
    "flake-utils": {
      "inputs": {
        "systems": "systems"
      },
      "locked": {
        "lastModified": 1726560853,
        "narHash": "sha256-X6rJYSESBVr3hBoH0WbKE5KvhPU5bloyZ2L4K60/fPQ=",
        "owner": "numtide",
        "repo": "flake-utils",
        "rev": "c1dfcf08411b08f6b8615f7d8971a2bfa81d5e8a",
        "type": "github"
      },
      "original": {
        "owner": "numtide",
        "repo": "flake-utils",
        "type": "github"
      }
    },
    "nil": {
      "inputs": {
        "flake-utils": [
          "flake-utils"
        ],
        "nixpkgs": [
          "nixpkgs"
        ],
        "rust-overlay": "rust-overlay"
      },
      "locked": {
        "lastModified": 1726716330,
        "narHash": "sha256-mIuOP4I51eFLquRaxMKx67pHmhatZrcVPjfHL98v/M8=",
        "owner": "oxalica",
        "repo": "nil",
        "rev": "c8e8ce72442a164d89d3fdeaae0bcc405f8c015a",
        "type": "github"
      },
      "original": {
        "owner": "oxalica",
        "repo": "nil",
        "type": "github"
      }
    },
    "nixpkgs": {
      "locked": {
        "lastModified": 1729265718,
        "narHash": "sha256-4HQI+6LsO3kpWTYuVGIzhJs1cetFcwT7quWCk/6rqeo=",
        "owner": "nixos",
        "repo": "nixpkgs",
        "rev": "ccc0c2126893dd20963580b6478d1a10a4512185",
        "type": "github"
      },
      "original": {
        "owner": "nixos",
        "ref": "nixpkgs-unstable",
        "repo": "nixpkgs",
        "type": "github"
      }
    },
    "plugins-cmp-buffer": {
      "flake": false,
      "locked": {
        "lastModified": 1660101488,
        "narHash": "sha256-dG4U7MtnXThoa/PD+qFtCt76MQ14V1wX8GMYcvxEnbM=",
        "owner": "hrsh7th",
        "repo": "cmp-buffer",
        "rev": "3022dbc9166796b644a841a02de8dd1cc1d311fa",
        "type": "github"
      },
      "original": {
        "owner": "hrsh7th",
        "repo": "cmp-buffer",
        "type": "github"
      }
    },
    "plugins-cmp-dap": {
      "flake": false,
      "locked": {
        "lastModified": 1702237116,
        "narHash": "sha256-wi9L4RcnJWUzTkC4u8vSTacrMxg4ftm/K7pkuwLEQ3U=",
        "owner": "rcarriga",
        "repo": "cmp-dap",
        "rev": "ea92773e84c0ad3288c3bc5e452ac91559669087",
        "type": "github"
      },
      "original": {
        "owner": "rcarriga",
        "repo": "cmp-dap",
        "type": "github"
      }
    },
    "plugins-cmp-nvim-lsp": {
      "flake": false,
      "locked": {
        "lastModified": 1715931395,
        "narHash": "sha256-CT1+Z4XJBVsl/RqvJeGmyitD6x7So0ylXvvef5jh7I8=",
        "owner": "hrsh7th",
        "repo": "cmp-nvim-lsp",
        "rev": "39e2eda76828d88b773cc27a3f61d2ad782c922d",
        "type": "github"
      },
      "original": {
        "owner": "hrsh7th",
        "repo": "cmp-nvim-lsp",
        "type": "github"
      }
    },
    "plugins-cmp-nvim-lsp-document-symbol": {
      "flake": false,
      "locked": {
        "lastModified": 1716967041,
        "narHash": "sha256-BBvG0/yEyYs+sLPtCYAgZLz9ccGAMBCMhgmwC+gZ3kc=",
        "owner": "hrsh7th",
        "repo": "cmp-nvim-lsp-document-symbol",
        "rev": "f94f7ba948e32cd302caba1c2ca3f7c697fb4fcf",
        "type": "github"
      },
      "original": {
        "owner": "hrsh7th",
        "repo": "cmp-nvim-lsp-document-symbol",
        "type": "github"
      }
    },
    "plugins-cmp-nvim-lsp-signature-help": {
      "flake": false,
      "locked": {
        "lastModified": 1715965063,
        "narHash": "sha256-tLMhkmdehH3IDlIdqJq6GHpudY0G05Asjir6p4aONyI=",
        "owner": "hrsh7th",
        "repo": "cmp-nvim-lsp-signature-help",
        "rev": "031e6ba70b0ad5eee49fd2120ff7a2e325b17fa7",
        "type": "github"
      },
      "original": {
        "owner": "hrsh7th",
        "repo": "cmp-nvim-lsp-signature-help",
        "type": "github"
      }
    },
    "plugins-cmp-path": {
      "flake": false,
      "locked": {
        "lastModified": 1664784283,
        "narHash": "sha256-thppiiV3wjIaZnAXmsh7j3DUc6ceSCvGzviwFUnoPaI=",
        "owner": "hrsh7th",
        "repo": "cmp-path",
        "rev": "91ff86cd9c29299a64f968ebb45846c485725f23",
        "type": "github"
      },
      "original": {
        "owner": "hrsh7th",
        "repo": "cmp-path",
        "type": "github"
      }
    },
    "plugins-cmp-treesitter": {
      "flake": false,
      "locked": {
        "lastModified": 1715596479,
        "narHash": "sha256-8WAk9S+/7vSz7bVHdEzjbKUokU144fvnByIeJ1gAWhU=",
        "owner": "ray-x",
        "repo": "cmp-treesitter",
        "rev": "958fcfa0d8ce46d215e19cc3992c542f576c4123",
        "type": "github"
      },
      "original": {
        "owner": "ray-x",
        "repo": "cmp-treesitter",
        "type": "github"
      }
    },
    "plugins-cmp-vsnip": {
      "flake": false,
      "locked": {
        "lastModified": 1669100283,
        "narHash": "sha256-2mkN03noOr5vBvRbSb35xZKorSH+8savQNZtgM9+QcM=",
        "owner": "hrsh7th",
        "repo": "cmp-vsnip",
        "rev": "989a8a73c44e926199bfd05fa7a516d51f2d2752",
        "type": "github"
      },
      "original": {
        "owner": "hrsh7th",
        "repo": "cmp-vsnip",
        "type": "github"
      }
    },
    "plugins-copilot": {
      "flake": false,
      "locked": {
        "lastModified": 1729295476,
        "narHash": "sha256-UY6N2Q+egh+Cn4REZXrSGH9ElWQBedl0n8tWJvGe7vs=",
        "owner": "zbirenbaum",
        "repo": "copilot.lua",
        "rev": "f8d8d872bb319f640d5177dad5fbf01f7a16d7d0",
        "type": "github"
      },
      "original": {
        "owner": "zbirenbaum",
        "repo": "copilot.lua",
        "type": "github"
      }
    },
    "plugins-copilot-chat": {
      "flake": false,
      "locked": {
        "lastModified": 1727262716,
        "narHash": "sha256-b78JSwWhbWRq0Thc9BNJIaziwSrb5Gzym8MXCn4v9bU=",
        "owner": "CopilotC-Nvim",
        "repo": "CopilotChat.nvim",
        "rev": "9333944fde3c65868818e245c73aa29eef826e9b",
        "type": "github"
      },
      "original": {
        "owner": "CopilotC-Nvim",
        "repo": "CopilotChat.nvim",
        "type": "github"
      }
    },
    "plugins-copilot-cmp": {
      "flake": false,
      "locked": {
        "lastModified": 1718601710,
        "narHash": "sha256-8w9go2SBkI+BrXNadWM8ZxDDfrAnZZJx6RbVHAK4+Pg=",
        "owner": "zbirenbaum",
        "repo": "copilot-cmp",
        "rev": "b6e5286b3d74b04256d0a7e3bd2908eabec34b44",
        "type": "github"
      },
      "original": {
        "owner": "zbirenbaum",
        "repo": "copilot-cmp",
        "type": "github"
      }
    },
    "plugins-crates-nvim": {
      "flake": false,
      "locked": {
        "lastModified": 1727384188,
        "narHash": "sha256-DIG0MXRTit4iEVoLlgsTK4znjam/QDjeZEpIDn6KHiE=",
        "owner": "Saecki",
        "repo": "crates.nvim",
        "rev": "8bf8358ee326d5d8c11dcd7ac0bcc9ff97dbc785",
        "type": "github"
      },
      "original": {
        "owner": "Saecki",
        "repo": "crates.nvim",
        "type": "github"
      }
    },
    "plugins-fidget": {
      "flake": false,
      "locked": {
        "lastModified": 1720885602,
        "narHash": "sha256-fjxdRN08BMU7jTWdhdzh8kW18ZURS9SJCwnTxuz6aFE=",
        "owner": "j-hui",
        "repo": "fidget.nvim",
        "rev": "d855eed8a06531a7e8fd0684889b2943f373c469",
        "type": "github"
      },
      "original": {
        "owner": "j-hui",
        "repo": "fidget.nvim",
        "type": "github"
      }
    },
    "plugins-gitsigns-nvim": {
      "flake": false,
      "locked": {
        "lastModified": 1727424886,
        "narHash": "sha256-o2Y57z7IuIa9wvLlzyslcs3/+iaZzuqM1NImlKAPt5Y=",
        "owner": "lewis6991",
        "repo": "gitsigns.nvim",
        "rev": "863903631e676b33e8be2acb17512fdc1b80b4fb",
        "type": "github"
      },
      "original": {
        "owner": "lewis6991",
        "repo": "gitsigns.nvim",
        "type": "github"
      }
    },
    "plugins-glow-nvim": {
      "flake": false,
      "locked": {
        "lastModified": 1703345545,
        "narHash": "sha256-GsNcASzVvY0066kak2nvUY5luzanoBclqcUOsODww8g=",
        "owner": "ellisonleao",
        "repo": "glow.nvim",
        "rev": "238070a686c1da3bccccf1079700eb4b5e19aea4",
        "type": "github"
      },
      "original": {
        "owner": "ellisonleao",
        "repo": "glow.nvim",
        "type": "github"
      }
    },
    "plugins-indent-blankline": {
      "flake": false,
      "locked": {
        "lastModified": 1728270661,
        "narHash": "sha256-OKtaibgT9uPQQmddfj7YKgAYc7lz4ne1dbUz9PdRAvA=",
        "owner": "lukas-reineke",
        "repo": "indent-blankline.nvim",
        "rev": "e7a4442e055ec953311e77791546238d1eaae507",
        "type": "github"
      },
      "original": {
        "owner": "lukas-reineke",
        "repo": "indent-blankline.nvim",
        "type": "github"
      }
    },
    "plugins-lazygit": {
      "flake": false,
      "locked": {
        "lastModified": 1727783116,
        "narHash": "sha256-djAY6VwCLcIEHLyQX0KHOppZXIIn92AYduA1KBnbVkY=",
        "owner": "kdheepak",
        "repo": "lazygit.nvim",
        "rev": "56760339a81cd1540d5a72fd9d93010a2677b55d",
        "type": "github"
      },
      "original": {
        "owner": "kdheepak",
        "repo": "lazygit.nvim",
        "type": "github"
      }
    },
    "plugins-lsp-signature": {
      "flake": false,
      "locked": {
        "lastModified": 1726445971,
        "narHash": "sha256-W6bN3R10B84noK7MOzvUOIc82WwyojIS97iFL/dO5yk=",
        "owner": "ray-x",
        "repo": "lsp_signature.nvim",
        "rev": "fc38521ea4d9ec8dbd4c2819ba8126cea743943b",
        "type": "github"
      },
      "original": {
        "owner": "ray-x",
        "repo": "lsp_signature.nvim",
        "type": "github"
      }
    },
    "plugins-lspkind": {
      "flake": false,
      "locked": {
        "lastModified": 1727343567,
        "narHash": "sha256-72j9A16OGm90eL/iQPEuNSvFh7mSUMKQhbTGpSjbnKM=",
        "owner": "onsails",
        "repo": "lspkind-nvim",
        "rev": "59c3f419af48a2ffb2320cea85e44e5a95f71664",
        "type": "github"
      },
      "original": {
        "owner": "onsails",
        "repo": "lspkind-nvim",
        "type": "github"
      }
    },
    "plugins-lualine": {
      "flake": false,
      "locked": {
        "lastModified": 1723473562,
        "narHash": "sha256-gCm7m96PkZyrgjmt7Efc+NMZKStAq1zr7JRCYOgGDuE=",
        "owner": "hoob3rt",
        "repo": "lualine.nvim",
        "rev": "b431d228b7bbcdaea818bdc3e25b8cdbe861f056",
        "type": "github"
      },
      "original": {
        "owner": "hoob3rt",
        "repo": "lualine.nvim",
        "type": "github"
      }
    },
    "plugins-noice": {
      "flake": false,
      "locked": {
        "lastModified": 1727897551,
        "narHash": "sha256-9ivgP145phRzu6OD2nwqjgD8glCThnDjS31XHsjbVuM=",
        "owner": "folke",
        "repo": "noice.nvim",
        "rev": "df448c649ef6bc5a6a633a44f2ad0ed8d4442499",
        "type": "github"
      },
      "original": {
        "owner": "folke",
        "repo": "noice.nvim",
        "type": "github"
      }
    },
    "plugins-notify": {
      "flake": false,
      "locked": {
        "lastModified": 1727022370,
        "narHash": "sha256-Sd7IR5roXHOKRCxhqtYMhWfEltyRJMDEMDO/ecSKenE=",
        "owner": "rcarriga",
        "repo": "nvim-notify",
        "rev": "fbef5d32be8466dd76544a257d3f3dce20082a07",
        "type": "github"
      },
      "original": {
        "owner": "rcarriga",
        "repo": "nvim-notify",
        "type": "github"
      }
    },
    "plugins-nui": {
      "flake": false,
      "locked": {
        "lastModified": 1726376728,
        "narHash": "sha256-90Wq+vT361mTaGU/SvAezqJkX9HHmZ2GI2fKBDxPn04=",
        "owner": "MunifTanjim",
        "repo": "nui.nvim",
        "rev": "b58e2bfda5cea347c9d58b7f11cf3012c7b3953f",
        "type": "github"
      },
      "original": {
        "owner": "MunifTanjim",
        "repo": "nui.nvim",
        "type": "github"
      }
    },
    "plugins-null-ls": {
      "flake": false,
      "locked": {
        "lastModified": 1691810493,
        "narHash": "sha256-cWA0rzkOp/ekVKaFee7iea1lhnqKtWUIU+fW5M950wI=",
        "owner": "jose-elias-alvarez",
        "repo": "null-ls.nvim",
        "rev": "0010ea927ab7c09ef0ce9bf28c2b573fc302f5a7",
        "type": "github"
      },
      "original": {
        "owner": "jose-elias-alvarez",
        "repo": "null-ls.nvim",
        "type": "github"
      }
    },
    "plugins-nvim-autopairs": {
      "flake": false,
      "locked": {
        "lastModified": 1727742362,
        "narHash": "sha256-pqYOaEjKUd5YLVWX0Bf/kYT+sBlN1D24rOBuIz2BIqk=",
        "owner": "windwp",
        "repo": "nvim-autopairs",
        "rev": "ee297f215e95a60b01fde33275cc3c820eddeebe",
        "type": "github"
      },
      "original": {
        "owner": "windwp",
        "repo": "nvim-autopairs",
        "type": "github"
      }
    },
    "plugins-nvim-cmp": {
      "flake": false,
      "locked": {
        "lastModified": 1729400683,
        "narHash": "sha256-lWPiunMZOcdMjWngUG8ZAsbTaI4XA9HJXigrUAkAVnQ=",
        "owner": "hrsh7th",
        "repo": "nvim-cmp",
        "rev": "82bd4b59432d44cf5e2a5ce3a40a037a575a6623",
        "type": "github"
      },
      "original": {
        "owner": "hrsh7th",
        "repo": "nvim-cmp",
        "type": "github"
      }
    },
    "plugins-nvim-dap": {
      "flake": false,
      "locked": {
        "lastModified": 1727540183,
        "narHash": "sha256-zN0GTcnUBDfSmvmZd9kBrgW/k3aqbzUlVzgf7wNih40=",
        "owner": "mfussenegger",
        "repo": "nvim-dap",
        "rev": "7ff6936010b7222fea2caea0f67ed77f1b7c60dd",
        "type": "github"
      },
      "original": {
        "owner": "mfussenegger",
        "repo": "nvim-dap",
        "type": "github"
      }
    },
    "plugins-nvim-dap-ui": {
      "flake": false,
      "locked": {
        "lastModified": 1727897692,
        "narHash": "sha256-kg7lyVBeuBqPCVzvt3pBoonQupgf1nGh3EvCF/astf4=",
        "owner": "rcarriga",
        "repo": "nvim-dap-ui",
        "rev": "ffa89839f97bad360e78428d5c740fdad9a0ff02",
        "type": "github"
      },
      "original": {
        "owner": "rcarriga",
        "repo": "nvim-dap-ui",
        "type": "github"
      }
    },
    "plugins-nvim-dap-virtual-text": {
      "flake": false,
      "locked": {
        "lastModified": 1728061710,
        "narHash": "sha256-5v9siuGGM7WEyP0uEwnHWjrHShYBZS56bM5r1YxrCec=",
        "owner": "theHamsta",
        "repo": "nvim-dap-virtual-text",
        "rev": "52638640ae309cacdaff785fdbb854437bd1ee5c",
        "type": "github"
      },
      "original": {
        "owner": "theHamsta",
        "repo": "nvim-dap-virtual-text",
        "type": "github"
      }
    },
    "plugins-nvim-jdtls": {
      "flake": false,
      "locked": {
        "lastModified": 1727342292,
        "narHash": "sha256-r9qbunFJ62IqibVAdGbLsWSwYL53YKElLy98ArsK5V8=",
        "owner": "mfussenegger",
        "repo": "nvim-jdtls",
        "rev": "efe813854432a314b472226dca813f0f2598d44a",
        "type": "github"
      },
      "original": {
        "owner": "mfussenegger",
        "repo": "nvim-jdtls",
        "type": "github"
      }
    },
    "plugins-nvim-lightbulb": {
      "flake": false,
      "locked": {
        "lastModified": 1729134062,
        "narHash": "sha256-JfXSuOBwyxgH/PzzcBQ7OqoXHkLGZSCYutYHLocbTto=",
        "owner": "kosayoda",
        "repo": "nvim-lightbulb",
        "rev": "33d4c95e0e853956bc9468b70b3064c87d5abaca",
        "type": "github"
      },
      "original": {
        "owner": "kosayoda",
        "repo": "nvim-lightbulb",
        "type": "github"
      }
    },
    "plugins-nvim-lspconfig": {
      "flake": false,
      "locked": {
        "lastModified": 1729353321,
        "narHash": "sha256-yxqRKMzga38jrmCm32WFyNchUeYYmtTGzf3BI1vZyWk=",
        "owner": "neovim",
        "repo": "nvim-lspconfig",
        "rev": "fd49d5863e873891be37afac79b1f56fb34bb5d3",
        "type": "github"
      },
      "original": {
        "owner": "neovim",
        "repo": "nvim-lspconfig",
        "type": "github"
      }
    },
    "plugins-nvim-metals": {
      "flake": false,
      "locked": {
        "lastModified": 1728295172,
        "narHash": "sha256-ja/+MNxZ3H9io9jDwm5rhE6iKNi86a22eCOY75g19O8=",
        "owner": "scalameta",
        "repo": "nvim-metals",
        "rev": "f861db9fda55939797ac1b05238c49b0dcdc3bdb",
        "type": "github"
      },
      "original": {
        "owner": "scalameta",
        "repo": "nvim-metals",
        "type": "github"
      }
    },
    "plugins-nvim-nio": {
      "flake": false,
      "locked": {
        "lastModified": 1720707425,
        "narHash": "sha256-i6imNTb1xrfBlaeOyxyIwAZ/+o6ew9C4/z34a7/BgFg=",
        "owner": "nvim-neotest",
        "repo": "nvim-nio",
        "rev": "a428f309119086dc78dd4b19306d2d67be884eee",
        "type": "github"
      },
      "original": {
        "owner": "nvim-neotest",
        "repo": "nvim-nio",
        "type": "github"
      }
    },
    "plugins-nvim-web-devicons": {
      "flake": false,
      "locked": {
        "lastModified": 1728608318,
        "narHash": "sha256-SUWEOp+QcfHjYaqqr4Zwvh0x91IAJXvrdMkQtuWMlGc=",
        "owner": "kyazdani42",
        "repo": "nvim-web-devicons",
        "rev": "19d257cf889f79f4022163c3fbb5e08639077bd8",
        "type": "github"
      },
      "original": {
        "owner": "kyazdani42",
        "repo": "nvim-web-devicons",
        "type": "github"
      }
    },
    "plugins-plenary-nvim": {
      "flake": false,
      "locked": {
        "lastModified": 1726602776,
        "narHash": "sha256-bmmPekAvuBvLQmrnnX0n+FRBqfVxBsObhxIEkDGAla4=",
        "owner": "nvim-lua",
        "repo": "plenary.nvim",
        "rev": "2d9b06177a975543726ce5c73fca176cedbffe9d",
        "type": "github"
      },
      "original": {
        "owner": "nvim-lua",
        "repo": "plenary.nvim",
        "type": "github"
      }
    },
    "plugins-ranger": {
      "flake": false,
      "locked": {
        "lastModified": 1729300673,
        "narHash": "sha256-fUW6CGnULWsJzhcy66r8MuAu0lxpG/6Potf2ED61B1c=",
        "owner": "kelly-lin",
        "repo": "ranger.nvim",
        "rev": "0f06eb92f2a5a618dc0d606d90e634d83e6e6b63",
        "type": "github"
      },
      "original": {
        "owner": "kelly-lin",
        "repo": "ranger.nvim",
        "type": "github"
      }
    },
    "plugins-rust-tools": {
      "flake": false,
      "locked": {
        "lastModified": 1704259376,
        "narHash": "sha256-kFane5ze7VDiOzF7jdmXkr50XQsNvdb+a9HQtybEVE0=",
        "owner": "simrat39",
        "repo": "rust-tools.nvim",
        "rev": "676187908a1ce35ffcd727c654ed68d851299d3e",
        "type": "github"
      },
      "original": {
        "owner": "simrat39",
        "repo": "rust-tools.nvim",
        "type": "github"
      }
    },
    "plugins-sqls-nvim": {
      "flake": false,
      "locked": {
        "lastModified": 1684697500,
        "narHash": "sha256-jKFut6NZAf/eIeIkY7/2EsjsIhvZQKCKAJzeQ6XSr0s=",
        "owner": "nanotee",
        "repo": "sqls.nvim",
        "rev": "4b1274b5b44c48ce784aac23747192f5d9d26207",
        "type": "github"
      },
      "original": {
        "owner": "nanotee",
        "repo": "sqls.nvim",
        "type": "github"
      }
    },
    "plugins-telescope": {
      "flake": false,
      "locked": {
        "lastModified": 1728518892,
        "narHash": "sha256-HWNfj3/b+CUFgWR26IzAuMzlSCEuiK/7n8tWHwqAAik=",
        "owner": "nvim-telescope",
        "repo": "telescope.nvim",
        "rev": "df534c3042572fb958586facd02841e10186707c",
        "type": "github"
      },
      "original": {
        "owner": "nvim-telescope",
        "repo": "telescope.nvim",
        "type": "github"
      }
    },
    "plugins-theme": {
      "flake": false,
      "locked": {
        "lastModified": 1725836615,
        "narHash": "sha256-fVHC3FfGeRGYtB1MKpmLSITk9TDBY/yDCOlQuKvAH5I=",
        "owner": "EdenEast",
        "repo": "nightfox.nvim",
        "rev": "7557f26defd093c4e9bc17f28b08403f706f5a44",
        "type": "github"
      },
      "original": {
        "owner": "EdenEast",
        "repo": "nightfox.nvim",
        "type": "github"
      }
    },
    "plugins-todo": {
      "flake": false,
      "locked": {
        "lastModified": 1726481242,
        "narHash": "sha256-EH4Sy7qNkzOgA1INFzrtsRfD79TgMqSbKUdundyw22w=",
        "owner": "folke",
        "repo": "todo-comments.nvim",
        "rev": "ae0a2afb47cf7395dc400e5dc4e05274bf4fb9e0",
        "type": "github"
      },
      "original": {
        "owner": "folke",
        "repo": "todo-comments.nvim",
        "type": "github"
      }
    },
    "plugins-trouble": {
      "flake": false,
      "locked": {
        "lastModified": 1727856084,
        "narHash": "sha256-DR3zRwGkjEFzXcssXsX6Iw7R5uLKOt/OKFN+tnxfyS4=",
        "owner": "folke",
        "repo": "trouble.nvim",
        "rev": "254145ffd528b98eb20be894338e2d5c93fa02c2",
        "type": "github"
      },
      "original": {
        "owner": "folke",
        "repo": "trouble.nvim",
        "type": "github"
      }
    },
    "plugins-undotree": {
      "flake": false,
      "locked": {
        "lastModified": 1707485506,
        "narHash": "sha256-FIYDyfkaIS9C16ClWKLMdpSPv/OrcOalVVsyFJBU2eI=",
        "owner": "jiaoshijie",
        "repo": "undotree",
        "rev": "eab459ab87dd249617b5f7187bb69e614a083047",
        "type": "github"
      },
      "original": {
        "owner": "jiaoshijie",
        "repo": "undotree",
        "type": "github"
      }
    },
    "plugins-vim-vsnip": {
      "flake": false,
      "locked": {
        "lastModified": 1704937299,
        "narHash": "sha256-gvm6z4pgSULBVPukewRyjwxZ0vZgreQWbG/0kOB1QBo=",
        "owner": "hrsh7th",
        "repo": "vim-vsnip",
        "rev": "02a8e79295c9733434aab4e0e2b8c4b7cea9f3a9",
        "type": "github"
      },
      "original": {
        "owner": "hrsh7th",
        "repo": "vim-vsnip",
        "type": "github"
      }
    },
    "plugins-which-key": {
      "flake": false,
      "locked": {
        "lastModified": 1727856297,
        "narHash": "sha256-crECQnWpptz1A/hOndHPEduK6MqWQH8kyf58h+4snHo=",
        "owner": "folke",
        "repo": "which-key.nvim",
        "rev": "8badb359f7ab8711e2575ef75dfe6fbbd87e4821",
        "type": "github"
      },
      "original": {
        "owner": "folke",
        "repo": "which-key.nvim",
        "type": "github"
      }
    },
    "root": {
      "inputs": {
        "flake-utils": "flake-utils",
        "nil": "nil",
        "nixpkgs": "nixpkgs",
        "plugins-cmp-buffer": "plugins-cmp-buffer",
        "plugins-cmp-dap": "plugins-cmp-dap",
        "plugins-cmp-nvim-lsp": "plugins-cmp-nvim-lsp",
        "plugins-cmp-nvim-lsp-document-symbol": "plugins-cmp-nvim-lsp-document-symbol",
        "plugins-cmp-nvim-lsp-signature-help": "plugins-cmp-nvim-lsp-signature-help",
        "plugins-cmp-path": "plugins-cmp-path",
        "plugins-cmp-treesitter": "plugins-cmp-treesitter",
        "plugins-cmp-vsnip": "plugins-cmp-vsnip",
        "plugins-copilot": "plugins-copilot",
        "plugins-copilot-chat": "plugins-copilot-chat",
        "plugins-copilot-cmp": "plugins-copilot-cmp",
        "plugins-crates-nvim": "plugins-crates-nvim",
        "plugins-fidget": "plugins-fidget",
        "plugins-gitsigns-nvim": "plugins-gitsigns-nvim",
        "plugins-glow-nvim": "plugins-glow-nvim",
        "plugins-indent-blankline": "plugins-indent-blankline",
        "plugins-lazygit": "plugins-lazygit",
        "plugins-lsp-signature": "plugins-lsp-signature",
        "plugins-lspkind": "plugins-lspkind",
        "plugins-lualine": "plugins-lualine",
        "plugins-noice": "plugins-noice",
        "plugins-notify": "plugins-notify",
        "plugins-nui": "plugins-nui",
        "plugins-null-ls": "plugins-null-ls",
        "plugins-nvim-autopairs": "plugins-nvim-autopairs",
        "plugins-nvim-cmp": "plugins-nvim-cmp",
        "plugins-nvim-dap": "plugins-nvim-dap",
        "plugins-nvim-dap-ui": "plugins-nvim-dap-ui",
        "plugins-nvim-dap-virtual-text": "plugins-nvim-dap-virtual-text",
        "plugins-nvim-jdtls": "plugins-nvim-jdtls",
        "plugins-nvim-lightbulb": "plugins-nvim-lightbulb",
        "plugins-nvim-lspconfig": "plugins-nvim-lspconfig",
        "plugins-nvim-metals": "plugins-nvim-metals",
        "plugins-nvim-nio": "plugins-nvim-nio",
        "plugins-nvim-web-devicons": "plugins-nvim-web-devicons",
        "plugins-plenary-nvim": "plugins-plenary-nvim",
        "plugins-ranger": "plugins-ranger",
        "plugins-rust-tools": "plugins-rust-tools",
        "plugins-sqls-nvim": "plugins-sqls-nvim",
        "plugins-telescope": "plugins-telescope",
        "plugins-theme": "plugins-theme",
        "plugins-todo": "plugins-todo",
        "plugins-trouble": "plugins-trouble",
        "plugins-undotree": "plugins-undotree",
        "plugins-vim-vsnip": "plugins-vim-vsnip",
        "plugins-which-key": "plugins-which-key"
      }
    },
    "rust-overlay": {
      "inputs": {
        "nixpkgs": [
          "nil",
          "nixpkgs"
        ]
      },
      "locked": {
        "lastModified": 1726453838,
        "narHash": "sha256-pupsow4L79SBfNwT6vh/5RAbVZuhngIA0RTCZksXmZY=",
        "owner": "oxalica",
        "repo": "rust-overlay",
        "rev": "ca2e79cd22625d214b8437c2c4080ce79bd9f7d2",
        "type": "github"
      },
      "original": {
        "owner": "oxalica",
        "repo": "rust-overlay",
        "type": "github"
      }
    },
    "systems": {
      "locked": {
        "lastModified": 1681028828,
        "narHash": "sha256-Vy1rq5AaRuLzOxct8nz4T6wlgyUR7zLU309k9mBC768=",
        "owner": "nix-systems",
        "repo": "default",
        "rev": "da67096a3b9bf56a91d16901293e51ba5b49a27e",
        "type": "github"
      },
      "original": {
        "owner": "nix-systems",
        "repo": "default",
        "type": "github"
      }
    }
  },
  "root": "root",
  "version": 7
}
